// !$*UTF8*$!
{
	archiveVersion = 1;
	classes = {
	};
	objectVersion = 51;
	objects = {

/* Begin PBXBuildFile section */
		C44FF9318FF17F2D0D9C26B4 /* Pods_BitbucketViewer.framework in Frameworks */ = {isa = PBXBuildFile; fileRef = 56548E21577461FDCB8289CD /* Pods_BitbucketViewer.framework */; };
		DB22096F26870972009F8236 /* URLSessionWebAPIWorker.swift in Sources */ = {isa = PBXBuildFile; fileRef = DB22096E26870972009F8236 /* URLSessionWebAPIWorker.swift */; };
		DB22097126870988009F8236 /* URLRequestComposer.swift in Sources */ = {isa = PBXBuildFile; fileRef = DB22097026870988009F8236 /* URLRequestComposer.swift */; };
		DB22098626870A51009F8236 /* ServiceError.swift in Sources */ = {isa = PBXBuildFile; fileRef = DB22097826870A51009F8236 /* ServiceError.swift */; };
		DB22098726870A51009F8236 /* ServiceErrorConvertor.swift in Sources */ = {isa = PBXBuildFile; fileRef = DB22097926870A51009F8236 /* ServiceErrorConvertor.swift */; };
		DB22098826870A51009F8236 /* WebAPIFailure.swift in Sources */ = {isa = PBXBuildFile; fileRef = DB22097C26870A51009F8236 /* WebAPIFailure.swift */; };
		DB22098926870A51009F8236 /* WebAPIFailureConvertor.swift in Sources */ = {isa = PBXBuildFile; fileRef = DB22097D26870A51009F8236 /* WebAPIFailureConvertor.swift */; };
		DB22098A26870A51009F8236 /* WebAPIRequestError.swift in Sources */ = {isa = PBXBuildFile; fileRef = DB22097F26870A51009F8236 /* WebAPIRequestError.swift */; };
		DB22098B26870A51009F8236 /* WebAPIRequestErrorFactory.swift in Sources */ = {isa = PBXBuildFile; fileRef = DB22098026870A51009F8236 /* WebAPIRequestErrorFactory.swift */; };
		DB22098C26870A51009F8236 /* WebAPIResponseError.swift in Sources */ = {isa = PBXBuildFile; fileRef = DB22098226870A51009F8236 /* WebAPIResponseError.swift */; };
		DB22098D26870A51009F8236 /* WebAPIResponseErrorFactory.swift in Sources */ = {isa = PBXBuildFile; fileRef = DB22098326870A51009F8236 /* WebAPIResponseErrorFactory.swift */; };
		DB22098E26870A51009F8236 /* WebAPIResponseErrorJSONConvertor.swift in Sources */ = {isa = PBXBuildFile; fileRef = DB22098426870A51009F8236 /* WebAPIResponseErrorJSONConvertor.swift */; };
		DB22098F26870A51009F8236 /* WebAPIResponseErrorCode.swift in Sources */ = {isa = PBXBuildFile; fileRef = DB22098526870A51009F8236 /* WebAPIResponseErrorCode.swift */; };
		DB22099226870A6A009F8236 /* JSON.swift in Sources */ = {isa = PBXBuildFile; fileRef = DB22099126870A6A009F8236 /* JSON.swift */; };
		DB22099426870A8D009F8236 /* WebAPIWorkersFactory.swift in Sources */ = {isa = PBXBuildFile; fileRef = DB22099326870A8D009F8236 /* WebAPIWorkersFactory.swift */; };
		DB22099726870C43009F8236 /* ReposListVC.swift in Sources */ = {isa = PBXBuildFile; fileRef = DB22099626870C43009F8236 /* ReposListVC.swift */; };
		DB22099926870C6F009F8236 /* InitViewController.swift in Sources */ = {isa = PBXBuildFile; fileRef = DB22099826870C6F009F8236 /* InitViewController.swift */; };
		DB22099B26870C96009F8236 /* ScreenController.swift in Sources */ = {isa = PBXBuildFile; fileRef = DB22099A26870C96009F8236 /* ScreenController.swift */; };
		DB2209A826870D8D009F8236 /* AppearancesFactory.swift in Sources */ = {isa = PBXBuildFile; fileRef = DB22099F26870D8D009F8236 /* AppearancesFactory.swift */; };
		DB2209A926870D8D009F8236 /* Appearance.swift in Sources */ = {isa = PBXBuildFile; fileRef = DB2209A026870D8D009F8236 /* Appearance.swift */; };
		DB2209AA26870D8D009F8236 /* AlertAction.swift in Sources */ = {isa = PBXBuildFile; fileRef = DB2209A326870D8D009F8236 /* AlertAction.swift */; };
		DB2209AB26870D8D009F8236 /* AlertViewModel.swift in Sources */ = {isa = PBXBuildFile; fileRef = DB2209A426870D8D009F8236 /* AlertViewModel.swift */; };
		DB2209AC26870D8D009F8236 /* StatusBarStyleConvertor.swift in Sources */ = {isa = PBXBuildFile; fileRef = DB2209A626870D8D009F8236 /* StatusBarStyleConvertor.swift */; };
		DB2209AD26870D8D009F8236 /* StatusBarStyle.swift in Sources */ = {isa = PBXBuildFile; fileRef = DB2209A726870D8D009F8236 /* StatusBarStyle.swift */; };
		DB2209B026870DC3009F8236 /* AppearanceConfigurable.swift in Sources */ = {isa = PBXBuildFile; fileRef = DB2209AF26870DC3009F8236 /* AppearanceConfigurable.swift */; };
		DB2209B326870DEA009F8236 /* VoidAction.swift in Sources */ = {isa = PBXBuildFile; fileRef = DB2209B226870DEA009F8236 /* VoidAction.swift */; };
		DB2209BD26870E3D009F8236 /* ThemeType.swift in Sources */ = {isa = PBXBuildFile; fileRef = DB2209B626870E3D009F8236 /* ThemeType.swift */; };
		DB2209BE26870E3D009F8236 /* Theme.swift in Sources */ = {isa = PBXBuildFile; fileRef = DB2209B726870E3D009F8236 /* Theme.swift */; };
		DB2209BF26870E3D009F8236 /* ThemesFactory.swift in Sources */ = {isa = PBXBuildFile; fileRef = DB2209B826870E3D009F8236 /* ThemesFactory.swift */; };
		DB2209C026870E3D009F8236 /* Language.swift in Sources */ = {isa = PBXBuildFile; fileRef = DB2209BA26870E3D009F8236 /* Language.swift */; };
		DB2209C126870E3D009F8236 /* LanguageType.swift in Sources */ = {isa = PBXBuildFile; fileRef = DB2209BB26870E3D009F8236 /* LanguageType.swift */; };
		DB2209C226870E3D009F8236 /* LanguagesFactory.swift in Sources */ = {isa = PBXBuildFile; fileRef = DB2209BC26870E3D009F8236 /* LanguagesFactory.swift */; };
		DB2209C426870E67009F8236 /* UIColor+Extension.swift in Sources */ = {isa = PBXBuildFile; fileRef = DB2209C326870E67009F8236 /* UIColor+Extension.swift */; };
		DB2209CA26870EE8009F8236 /* AppearanceService.swift in Sources */ = {isa = PBXBuildFile; fileRef = DB2209C926870EE8009F8236 /* AppearanceService.swift */; };
		DB2209CC26870F01009F8236 /* ThemesService.swift in Sources */ = {isa = PBXBuildFile; fileRef = DB2209CB26870F01009F8236 /* ThemesService.swift */; };
		DB2209CE26870F17009F8236 /* CurrentThemeChangedNotifier.swift in Sources */ = {isa = PBXBuildFile; fileRef = DB2209CD26870F17009F8236 /* CurrentThemeChangedNotifier.swift */; };
		DB2209D026870F31009F8236 /* CurrentAppearanceChangedNotifier.swift in Sources */ = {isa = PBXBuildFile; fileRef = DB2209CF26870F31009F8236 /* CurrentAppearanceChangedNotifier.swift */; };
		DB2209D226870FC0009F8236 /* ProgressHUDAppearanceService.swift in Sources */ = {isa = PBXBuildFile; fileRef = DB2209D126870FC0009F8236 /* ProgressHUDAppearanceService.swift */; };
		DB2209D526870FE6009F8236 /* LanguagesService.swift in Sources */ = {isa = PBXBuildFile; fileRef = DB2209D426870FE6009F8236 /* LanguagesService.swift */; };
		DB2209D726870FF4009F8236 /* CurrentLanguageChangedNotifier.swift in Sources */ = {isa = PBXBuildFile; fileRef = DB2209D626870FF4009F8236 /* CurrentLanguageChangedNotifier.swift */; };
		DB2209DA26871046009F8236 /* StringsLocalizeService.swift in Sources */ = {isa = PBXBuildFile; fileRef = DB2209D926871046009F8236 /* StringsLocalizeService.swift */; };
		DB2209DD268719F3009F8236 /* FirstScreenService.swift in Sources */ = {isa = PBXBuildFile; fileRef = DB2209DC268719F3009F8236 /* FirstScreenService.swift */; };
		DB2209E126871A24009F8236 /* ServicesFactory.swift in Sources */ = {isa = PBXBuildFile; fileRef = DB2209E026871A24009F8236 /* ServicesFactory.swift */; };
		DB2209E326871A7B009F8236 /* NotifiersFactory.swift in Sources */ = {isa = PBXBuildFile; fileRef = DB2209E226871A7A009F8236 /* NotifiersFactory.swift */; };
		DB2209E726871AD7009F8236 /* ReferenceStorage.swift in Sources */ = {isa = PBXBuildFile; fileRef = DB2209E626871AD7009F8236 /* ReferenceStorage.swift */; };
		DB2209E926871BC8009F8236 /* ReposListCoordinator.swift in Sources */ = {isa = PBXBuildFile; fileRef = DB2209E826871BC8009F8236 /* ReposListCoordinator.swift */; };
		DB2209EB26871C1C009F8236 /* ReposListView.swift in Sources */ = {isa = PBXBuildFile; fileRef = DB2209EA26871C1C009F8236 /* ReposListView.swift */; };
		DB2209ED26871D81009F8236 /* SwipeNavigationController.swift in Sources */ = {isa = PBXBuildFile; fileRef = DB2209EC26871D81009F8236 /* SwipeNavigationController.swift */; };
		DB2209F12687207F009F8236 /* TableViewController.swift in Sources */ = {isa = PBXBuildFile; fileRef = DB2209F02687207F009F8236 /* TableViewController.swift */; };
		DB2209F326872092009F8236 /* TableCellConfigurator.swift in Sources */ = {isa = PBXBuildFile; fileRef = DB2209F226872092009F8236 /* TableCellConfigurator.swift */; };
		DB2209F62687224C009F8236 /* Repo.swift in Sources */ = {isa = PBXBuildFile; fileRef = DB2209F52687224C009F8236 /* Repo.swift */; };
		DB2209F926872359009F8236 /* RepoUser.swift in Sources */ = {isa = PBXBuildFile; fileRef = DB2209F826872359009F8236 /* RepoUser.swift */; };
		DB2209FB268723A9009F8236 /* RepoUserJSONParser.swift in Sources */ = {isa = PBXBuildFile; fileRef = DB2209FA268723A9009F8236 /* RepoUserJSONParser.swift */; };
		DB2209FD26872496009F8236 /* RepoJSONParser.swift in Sources */ = {isa = PBXBuildFile; fileRef = DB2209FC26872496009F8236 /* RepoJSONParser.swift */; };
		DB220A00268759C2009F8236 /* ISO8601DateConvertor.swift in Sources */ = {isa = PBXBuildFile; fileRef = DB2209FF268759C2009F8236 /* ISO8601DateConvertor.swift */; };
		DB220A0226875CD5009F8236 /* GetReposWebAPIWorker.swift in Sources */ = {isa = PBXBuildFile; fileRef = DB220A0126875CD5009F8236 /* GetReposWebAPIWorker.swift */; };
		DB220A0426875D2D009F8236 /* WebAPIResult.swift in Sources */ = {isa = PBXBuildFile; fileRef = DB220A0326875D2D009F8236 /* WebAPIResult.swift */; };
		DB220A0726875D41009F8236 /* ServiceResult.swift in Sources */ = {isa = PBXBuildFile; fileRef = DB220A0626875D41009F8236 /* ServiceResult.swift */; };
		DB220A0926875D5D009F8236 /* ServiceResultConvertor.swift in Sources */ = {isa = PBXBuildFile; fileRef = DB220A0826875D5D009F8236 /* ServiceResultConvertor.swift */; };
		DB220A0C26875F0C009F8236 /* GetReposService.swift in Sources */ = {isa = PBXBuildFile; fileRef = DB220A0B26875F0C009F8236 /* GetReposService.swift */; };
		DB220A1126876834009F8236 /* RepoItemView.swift in Sources */ = {isa = PBXBuildFile; fileRef = DB220A1026876834009F8236 /* RepoItemView.swift */; };
		DB220A1326876BF3009F8236 /* RepoItemCellConfigurator.swift in Sources */ = {isa = PBXBuildFile; fileRef = DB220A1226876BF3009F8236 /* RepoItemCellConfigurator.swift */; };
		DB220A1526876C1A009F8236 /* ContainerTableCellConfigurator.swift in Sources */ = {isa = PBXBuildFile; fileRef = DB220A1426876C1A009F8236 /* ContainerTableCellConfigurator.swift */; };
		DB220A1726876C36009F8236 /* ContainerTableCell.swift in Sources */ = {isa = PBXBuildFile; fileRef = DB220A1626876C36009F8236 /* ContainerTableCell.swift */; };
		DB220A1926876C56009F8236 /* UITableView+Extension.swift in Sources */ = {isa = PBXBuildFile; fileRef = DB220A1826876C56009F8236 /* UITableView+Extension.swift */; };
		DB220A1D26876E1C009F8236 /* SetImageFromURLService.swift in Sources */ = {isa = PBXBuildFile; fileRef = DB220A1C26876E1C009F8236 /* SetImageFromURLService.swift */; };
		DB220A202688268D009F8236 /* GetReposWebAPIData.swift in Sources */ = {isa = PBXBuildFile; fileRef = DB220A1F2688268D009F8236 /* GetReposWebAPIData.swift */; };
		DB220A22268826A8009F8236 /* GetReposWebAPIDataJSONParser.swift in Sources */ = {isa = PBXBuildFile; fileRef = DB220A21268826A8009F8236 /* GetReposWebAPIDataJSONParser.swift */; };
		DB220A2426882E5D009F8236 /* GetReposWebAPIParamsComposer.swift in Sources */ = {isa = PBXBuildFile; fileRef = DB220A2326882E5D009F8236 /* GetReposWebAPIParamsComposer.swift */; };
		DB220A7A26883266009F8236 /* RepoJSONParserTests.swift in Sources */ = {isa = PBXBuildFile; fileRef = DB220A7926883266009F8236 /* RepoJSONParserTests.swift */; };
		DB220A7C268837DC009F8236 /* Date+Extension.swift in Sources */ = {isa = PBXBuildFile; fileRef = DB220A7B268837DC009F8236 /* Date+Extension.swift */; };
		DB220A7E26883C93009F8236 /* TimeZone+Extension.swift in Sources */ = {isa = PBXBuildFile; fileRef = DB220A7D26883C93009F8236 /* TimeZone+Extension.swift */; };
		DB220A8126884334009F8236 /* RepoUserJSONParserTests.swift in Sources */ = {isa = PBXBuildFile; fileRef = DB220A8026884334009F8236 /* RepoUserJSONParserTests.swift */; };
		DB220A842688548E009F8236 /* GetReposWebAPIDataJSONParserTests.swift in Sources */ = {isa = PBXBuildFile; fileRef = DB220A832688548E009F8236 /* GetReposWebAPIDataJSONParserTests.swift */; };
		DB220A8826885A22009F8236 /* RepoUserDetailsVC.swift in Sources */ = {isa = PBXBuildFile; fileRef = DB220A8726885A22009F8236 /* RepoUserDetailsVC.swift */; };
		DB220A8A26885A36009F8236 /* RepoUserDetailsView.swift in Sources */ = {isa = PBXBuildFile; fileRef = DB220A8926885A36009F8236 /* RepoUserDetailsView.swift */; };
		DB220A8C26885A56009F8236 /* RepoUserDetailsCoordinator.swift in Sources */ = {isa = PBXBuildFile; fileRef = DB220A8B26885A56009F8236 /* RepoUserDetailsCoordinator.swift */; };
		DB220A8E26885C4E009F8236 /* UIViewController+Navigation.swift in Sources */ = {isa = PBXBuildFile; fileRef = DB220A8D26885C4E009F8236 /* UIViewController+Navigation.swift */; };
		DB220A9026886674009F8236 /* AssetsFactory.swift in Sources */ = {isa = PBXBuildFile; fileRef = DB220A8F26886674009F8236 /* AssetsFactory.swift */; };
		DB220A932688687D009F8236 /* RepoUserWebsiteVC.swift in Sources */ = {isa = PBXBuildFile; fileRef = DB220A922688687D009F8236 /* RepoUserWebsiteVC.swift */; };
		DB220A9526886890009F8236 /* RepoUserWebsiteView.swift in Sources */ = {isa = PBXBuildFile; fileRef = DB220A9426886890009F8236 /* RepoUserWebsiteView.swift */; };
		DB220A97268868C1009F8236 /* RepoUserWebsiteCoordinator.swift in Sources */ = {isa = PBXBuildFile; fileRef = DB220A96268868C1009F8236 /* RepoUserWebsiteCoordinator.swift */; };
		DB220A99268870F1009F8236 /* OverScreenLoaderDisplayable.swift in Sources */ = {isa = PBXBuildFile; fileRef = DB220A98268870F1009F8236 /* OverScreenLoaderDisplayable.swift */; };
		DBA735412686F63100630516 /* Assets.xcassets in Resources */ = {isa = PBXBuildFile; fileRef = DBA735402686F63100630516 /* Assets.xcassets */; };
		DBA735442686F63100630516 /* LaunchScreen.storyboard in Resources */ = {isa = PBXBuildFile; fileRef = DBA735422686F63100630516 /* LaunchScreen.storyboard */; };
		DBA735522686F73B00630516 /* main.swift in Sources */ = {isa = PBXBuildFile; fileRef = DBA735512686F73B00630516 /* main.swift */; };
		DBA735542686F74400630516 /* Application.swift in Sources */ = {isa = PBXBuildFile; fileRef = DBA735532686F74400630516 /* Application.swift */; };
		DBA7355E2686F85D00630516 /* InitView.swift in Sources */ = {isa = PBXBuildFile; fileRef = DBA7355D2686F85D00630516 /* InitView.swift */; };
		DBA735622686F8AF00630516 /* ScreenNavigationBarView.swift in Sources */ = {isa = PBXBuildFile; fileRef = DBA7355F2686F8AF00630516 /* ScreenNavigationBarView.swift */; };
		DBA735632686F8AF00630516 /* TitledNavigationBarView.swift in Sources */ = {isa = PBXBuildFile; fileRef = DBA735602686F8AF00630516 /* TitledNavigationBarView.swift */; };
		DBA735642686F8AF00630516 /* LeftNavigationButtonView.swift in Sources */ = {isa = PBXBuildFile; fileRef = DBA735612686F8AF00630516 /* LeftNavigationButtonView.swift */; };
		DBA7356E2686F9D500630516 /* UIButton+Extension.swift in Sources */ = {isa = PBXBuildFile; fileRef = DBA7356D2686F9D500630516 /* UIButton+Extension.swift */; };
		DBA735702686FA2600630516 /* UIView+Extension.swift in Sources */ = {isa = PBXBuildFile; fileRef = DBA7356F2686FA2600630516 /* UIView+Extension.swift */; };
/* End PBXBuildFile section */

/* Begin PBXContainerItemProxy section */
		DB220A6D268830ED009F8236 /* PBXContainerItemProxy */ = {
			isa = PBXContainerItemProxy;
			containerPortal = DBA7352C2686F62F00630516 /* Project object */;
			proxyType = 1;
			remoteGlobalIDString = DBA735332686F62F00630516;
			remoteInfo = BitbucketViewer;
		};
/* End PBXContainerItemProxy section */

/* Begin PBXFileReference section */
		56548E21577461FDCB8289CD /* Pods_BitbucketViewer.framework */ = {isa = PBXFileReference; explicitFileType = wrapper.framework; includeInIndex = 0; path = Pods_BitbucketViewer.framework; sourceTree = BUILT_PRODUCTS_DIR; };
		B98F5F3F6901C2BA20BFBA97 /* Pods-BitbucketViewer.debug.xcconfig */ = {isa = PBXFileReference; includeInIndex = 1; lastKnownFileType = text.xcconfig; name = "Pods-BitbucketViewer.debug.xcconfig"; path = "Target Support Files/Pods-BitbucketViewer/Pods-BitbucketViewer.debug.xcconfig"; sourceTree = "<group>"; };
		DB22096E26870972009F8236 /* URLSessionWebAPIWorker.swift */ = {isa = PBXFileReference; lastKnownFileType = sourcecode.swift; path = URLSessionWebAPIWorker.swift; sourceTree = "<group>"; };
		DB22097026870988009F8236 /* URLRequestComposer.swift */ = {isa = PBXFileReference; lastKnownFileType = sourcecode.swift; path = URLRequestComposer.swift; sourceTree = "<group>"; };
		DB22097826870A51009F8236 /* ServiceError.swift */ = {isa = PBXFileReference; fileEncoding = 4; lastKnownFileType = sourcecode.swift; path = ServiceError.swift; sourceTree = "<group>"; };
		DB22097926870A51009F8236 /* ServiceErrorConvertor.swift */ = {isa = PBXFileReference; fileEncoding = 4; lastKnownFileType = sourcecode.swift; path = ServiceErrorConvertor.swift; sourceTree = "<group>"; };
		DB22097C26870A51009F8236 /* WebAPIFailure.swift */ = {isa = PBXFileReference; fileEncoding = 4; lastKnownFileType = sourcecode.swift; path = WebAPIFailure.swift; sourceTree = "<group>"; };
		DB22097D26870A51009F8236 /* WebAPIFailureConvertor.swift */ = {isa = PBXFileReference; fileEncoding = 4; lastKnownFileType = sourcecode.swift; path = WebAPIFailureConvertor.swift; sourceTree = "<group>"; };
		DB22097F26870A51009F8236 /* WebAPIRequestError.swift */ = {isa = PBXFileReference; fileEncoding = 4; lastKnownFileType = sourcecode.swift; path = WebAPIRequestError.swift; sourceTree = "<group>"; };
		DB22098026870A51009F8236 /* WebAPIRequestErrorFactory.swift */ = {isa = PBXFileReference; fileEncoding = 4; lastKnownFileType = sourcecode.swift; path = WebAPIRequestErrorFactory.swift; sourceTree = "<group>"; };
		DB22098226870A51009F8236 /* WebAPIResponseError.swift */ = {isa = PBXFileReference; fileEncoding = 4; lastKnownFileType = sourcecode.swift; path = WebAPIResponseError.swift; sourceTree = "<group>"; };
		DB22098326870A51009F8236 /* WebAPIResponseErrorFactory.swift */ = {isa = PBXFileReference; fileEncoding = 4; lastKnownFileType = sourcecode.swift; path = WebAPIResponseErrorFactory.swift; sourceTree = "<group>"; };
		DB22098426870A51009F8236 /* WebAPIResponseErrorJSONConvertor.swift */ = {isa = PBXFileReference; fileEncoding = 4; lastKnownFileType = sourcecode.swift; path = WebAPIResponseErrorJSONConvertor.swift; sourceTree = "<group>"; };
		DB22098526870A51009F8236 /* WebAPIResponseErrorCode.swift */ = {isa = PBXFileReference; fileEncoding = 4; lastKnownFileType = sourcecode.swift; path = WebAPIResponseErrorCode.swift; sourceTree = "<group>"; };
		DB22099126870A6A009F8236 /* JSON.swift */ = {isa = PBXFileReference; lastKnownFileType = sourcecode.swift; path = JSON.swift; sourceTree = "<group>"; };
		DB22099326870A8D009F8236 /* WebAPIWorkersFactory.swift */ = {isa = PBXFileReference; lastKnownFileType = sourcecode.swift; path = WebAPIWorkersFactory.swift; sourceTree = "<group>"; };
		DB22099626870C43009F8236 /* ReposListVC.swift */ = {isa = PBXFileReference; lastKnownFileType = sourcecode.swift; path = ReposListVC.swift; sourceTree = "<group>"; };
		DB22099826870C6F009F8236 /* InitViewController.swift */ = {isa = PBXFileReference; lastKnownFileType = sourcecode.swift; path = InitViewController.swift; sourceTree = "<group>"; };
		DB22099A26870C96009F8236 /* ScreenController.swift */ = {isa = PBXFileReference; lastKnownFileType = sourcecode.swift; path = ScreenController.swift; sourceTree = "<group>"; };
		DB22099F26870D8D009F8236 /* AppearancesFactory.swift */ = {isa = PBXFileReference; fileEncoding = 4; lastKnownFileType = sourcecode.swift; path = AppearancesFactory.swift; sourceTree = "<group>"; };
		DB2209A026870D8D009F8236 /* Appearance.swift */ = {isa = PBXFileReference; fileEncoding = 4; lastKnownFileType = sourcecode.swift; path = Appearance.swift; sourceTree = "<group>"; };
		DB2209A326870D8D009F8236 /* AlertAction.swift */ = {isa = PBXFileReference; fileEncoding = 4; lastKnownFileType = sourcecode.swift; path = AlertAction.swift; sourceTree = "<group>"; };
		DB2209A426870D8D009F8236 /* AlertViewModel.swift */ = {isa = PBXFileReference; fileEncoding = 4; lastKnownFileType = sourcecode.swift; path = AlertViewModel.swift; sourceTree = "<group>"; };
		DB2209A626870D8D009F8236 /* StatusBarStyleConvertor.swift */ = {isa = PBXFileReference; fileEncoding = 4; lastKnownFileType = sourcecode.swift; path = StatusBarStyleConvertor.swift; sourceTree = "<group>"; };
		DB2209A726870D8D009F8236 /* StatusBarStyle.swift */ = {isa = PBXFileReference; fileEncoding = 4; lastKnownFileType = sourcecode.swift; path = StatusBarStyle.swift; sourceTree = "<group>"; };
		DB2209AF26870DC3009F8236 /* AppearanceConfigurable.swift */ = {isa = PBXFileReference; lastKnownFileType = sourcecode.swift; path = AppearanceConfigurable.swift; sourceTree = "<group>"; };
		DB2209B226870DEA009F8236 /* VoidAction.swift */ = {isa = PBXFileReference; lastKnownFileType = sourcecode.swift; path = VoidAction.swift; sourceTree = "<group>"; };
		DB2209B626870E3D009F8236 /* ThemeType.swift */ = {isa = PBXFileReference; fileEncoding = 4; lastKnownFileType = sourcecode.swift; path = ThemeType.swift; sourceTree = "<group>"; };
		DB2209B726870E3D009F8236 /* Theme.swift */ = {isa = PBXFileReference; fileEncoding = 4; lastKnownFileType = sourcecode.swift; path = Theme.swift; sourceTree = "<group>"; };
		DB2209B826870E3D009F8236 /* ThemesFactory.swift */ = {isa = PBXFileReference; fileEncoding = 4; lastKnownFileType = sourcecode.swift; path = ThemesFactory.swift; sourceTree = "<group>"; };
		DB2209BA26870E3D009F8236 /* Language.swift */ = {isa = PBXFileReference; fileEncoding = 4; lastKnownFileType = sourcecode.swift; path = Language.swift; sourceTree = "<group>"; };
		DB2209BB26870E3D009F8236 /* LanguageType.swift */ = {isa = PBXFileReference; fileEncoding = 4; lastKnownFileType = sourcecode.swift; path = LanguageType.swift; sourceTree = "<group>"; };
		DB2209BC26870E3D009F8236 /* LanguagesFactory.swift */ = {isa = PBXFileReference; fileEncoding = 4; lastKnownFileType = sourcecode.swift; path = LanguagesFactory.swift; sourceTree = "<group>"; };
		DB2209C326870E67009F8236 /* UIColor+Extension.swift */ = {isa = PBXFileReference; lastKnownFileType = sourcecode.swift; path = "UIColor+Extension.swift"; sourceTree = "<group>"; };
		DB2209C926870EE8009F8236 /* AppearanceService.swift */ = {isa = PBXFileReference; lastKnownFileType = sourcecode.swift; path = AppearanceService.swift; sourceTree = "<group>"; };
		DB2209CB26870F01009F8236 /* ThemesService.swift */ = {isa = PBXFileReference; lastKnownFileType = sourcecode.swift; path = ThemesService.swift; sourceTree = "<group>"; };
		DB2209CD26870F17009F8236 /* CurrentThemeChangedNotifier.swift */ = {isa = PBXFileReference; lastKnownFileType = sourcecode.swift; path = CurrentThemeChangedNotifier.swift; sourceTree = "<group>"; };
		DB2209CF26870F31009F8236 /* CurrentAppearanceChangedNotifier.swift */ = {isa = PBXFileReference; lastKnownFileType = sourcecode.swift; path = CurrentAppearanceChangedNotifier.swift; sourceTree = "<group>"; };
		DB2209D126870FC0009F8236 /* ProgressHUDAppearanceService.swift */ = {isa = PBXFileReference; lastKnownFileType = sourcecode.swift; path = ProgressHUDAppearanceService.swift; sourceTree = "<group>"; };
		DB2209D426870FE6009F8236 /* LanguagesService.swift */ = {isa = PBXFileReference; lastKnownFileType = sourcecode.swift; path = LanguagesService.swift; sourceTree = "<group>"; };
		DB2209D626870FF4009F8236 /* CurrentLanguageChangedNotifier.swift */ = {isa = PBXFileReference; lastKnownFileType = sourcecode.swift; path = CurrentLanguageChangedNotifier.swift; sourceTree = "<group>"; };
		DB2209D926871046009F8236 /* StringsLocalizeService.swift */ = {isa = PBXFileReference; lastKnownFileType = sourcecode.swift; path = StringsLocalizeService.swift; sourceTree = "<group>"; };
		DB2209DC268719F3009F8236 /* FirstScreenService.swift */ = {isa = PBXFileReference; lastKnownFileType = sourcecode.swift; path = FirstScreenService.swift; sourceTree = "<group>"; };
		DB2209E026871A24009F8236 /* ServicesFactory.swift */ = {isa = PBXFileReference; lastKnownFileType = sourcecode.swift; path = ServicesFactory.swift; sourceTree = "<group>"; };
		DB2209E226871A7A009F8236 /* NotifiersFactory.swift */ = {isa = PBXFileReference; lastKnownFileType = sourcecode.swift; path = NotifiersFactory.swift; sourceTree = "<group>"; };
		DB2209E626871AD7009F8236 /* ReferenceStorage.swift */ = {isa = PBXFileReference; lastKnownFileType = sourcecode.swift; path = ReferenceStorage.swift; sourceTree = "<group>"; };
		DB2209E826871BC8009F8236 /* ReposListCoordinator.swift */ = {isa = PBXFileReference; lastKnownFileType = sourcecode.swift; path = ReposListCoordinator.swift; sourceTree = "<group>"; };
		DB2209EA26871C1C009F8236 /* ReposListView.swift */ = {isa = PBXFileReference; lastKnownFileType = sourcecode.swift; path = ReposListView.swift; sourceTree = "<group>"; };
		DB2209EC26871D81009F8236 /* SwipeNavigationController.swift */ = {isa = PBXFileReference; lastKnownFileType = sourcecode.swift; path = SwipeNavigationController.swift; sourceTree = "<group>"; };
		DB2209F02687207F009F8236 /* TableViewController.swift */ = {isa = PBXFileReference; lastKnownFileType = sourcecode.swift; path = TableViewController.swift; sourceTree = "<group>"; };
		DB2209F226872092009F8236 /* TableCellConfigurator.swift */ = {isa = PBXFileReference; lastKnownFileType = sourcecode.swift; path = TableCellConfigurator.swift; sourceTree = "<group>"; };
		DB2209F52687224C009F8236 /* Repo.swift */ = {isa = PBXFileReference; lastKnownFileType = sourcecode.swift; path = Repo.swift; sourceTree = "<group>"; };
		DB2209F826872359009F8236 /* RepoUser.swift */ = {isa = PBXFileReference; lastKnownFileType = sourcecode.swift; path = RepoUser.swift; sourceTree = "<group>"; };
		DB2209FA268723A9009F8236 /* RepoUserJSONParser.swift */ = {isa = PBXFileReference; lastKnownFileType = sourcecode.swift; path = RepoUserJSONParser.swift; sourceTree = "<group>"; };
		DB2209FC26872496009F8236 /* RepoJSONParser.swift */ = {isa = PBXFileReference; lastKnownFileType = sourcecode.swift; path = RepoJSONParser.swift; sourceTree = "<group>"; };
		DB2209FF268759C2009F8236 /* ISO8601DateConvertor.swift */ = {isa = PBXFileReference; lastKnownFileType = sourcecode.swift; path = ISO8601DateConvertor.swift; sourceTree = "<group>"; };
		DB220A0126875CD5009F8236 /* GetReposWebAPIWorker.swift */ = {isa = PBXFileReference; lastKnownFileType = sourcecode.swift; path = GetReposWebAPIWorker.swift; sourceTree = "<group>"; };
		DB220A0326875D2D009F8236 /* WebAPIResult.swift */ = {isa = PBXFileReference; lastKnownFileType = sourcecode.swift; path = WebAPIResult.swift; sourceTree = "<group>"; };
		DB220A0626875D41009F8236 /* ServiceResult.swift */ = {isa = PBXFileReference; lastKnownFileType = sourcecode.swift; path = ServiceResult.swift; sourceTree = "<group>"; };
		DB220A0826875D5D009F8236 /* ServiceResultConvertor.swift */ = {isa = PBXFileReference; lastKnownFileType = sourcecode.swift; path = ServiceResultConvertor.swift; sourceTree = "<group>"; };
		DB220A0B26875F0C009F8236 /* GetReposService.swift */ = {isa = PBXFileReference; lastKnownFileType = sourcecode.swift; path = GetReposService.swift; sourceTree = "<group>"; };
		DB220A1026876834009F8236 /* RepoItemView.swift */ = {isa = PBXFileReference; lastKnownFileType = sourcecode.swift; path = RepoItemView.swift; sourceTree = "<group>"; };
		DB220A1226876BF3009F8236 /* RepoItemCellConfigurator.swift */ = {isa = PBXFileReference; lastKnownFileType = sourcecode.swift; path = RepoItemCellConfigurator.swift; sourceTree = "<group>"; };
		DB220A1426876C1A009F8236 /* ContainerTableCellConfigurator.swift */ = {isa = PBXFileReference; lastKnownFileType = sourcecode.swift; path = ContainerTableCellConfigurator.swift; sourceTree = "<group>"; };
		DB220A1626876C36009F8236 /* ContainerTableCell.swift */ = {isa = PBXFileReference; lastKnownFileType = sourcecode.swift; path = ContainerTableCell.swift; sourceTree = "<group>"; };
		DB220A1826876C56009F8236 /* UITableView+Extension.swift */ = {isa = PBXFileReference; lastKnownFileType = sourcecode.swift; path = "UITableView+Extension.swift"; sourceTree = "<group>"; };
		DB220A1C26876E1C009F8236 /* SetImageFromURLService.swift */ = {isa = PBXFileReference; lastKnownFileType = sourcecode.swift; path = SetImageFromURLService.swift; sourceTree = "<group>"; };
		DB220A1F2688268D009F8236 /* GetReposWebAPIData.swift */ = {isa = PBXFileReference; lastKnownFileType = sourcecode.swift; path = GetReposWebAPIData.swift; sourceTree = "<group>"; };
		DB220A21268826A8009F8236 /* GetReposWebAPIDataJSONParser.swift */ = {isa = PBXFileReference; lastKnownFileType = sourcecode.swift; path = GetReposWebAPIDataJSONParser.swift; sourceTree = "<group>"; };
		DB220A2326882E5D009F8236 /* GetReposWebAPIParamsComposer.swift */ = {isa = PBXFileReference; lastKnownFileType = sourcecode.swift; path = GetReposWebAPIParamsComposer.swift; sourceTree = "<group>"; };
		DB220A68268830ED009F8236 /* BitbucketViewerTests.xctest */ = {isa = PBXFileReference; explicitFileType = wrapper.cfbundle; includeInIndex = 0; path = BitbucketViewerTests.xctest; sourceTree = BUILT_PRODUCTS_DIR; };
		DB220A6C268830ED009F8236 /* Info.plist */ = {isa = PBXFileReference; lastKnownFileType = text.plist.xml; path = Info.plist; sourceTree = "<group>"; };
		DB220A7926883266009F8236 /* RepoJSONParserTests.swift */ = {isa = PBXFileReference; lastKnownFileType = sourcecode.swift; path = RepoJSONParserTests.swift; sourceTree = "<group>"; };
		DB220A7B268837DC009F8236 /* Date+Extension.swift */ = {isa = PBXFileReference; lastKnownFileType = sourcecode.swift; path = "Date+Extension.swift"; sourceTree = "<group>"; };
		DB220A7D26883C93009F8236 /* TimeZone+Extension.swift */ = {isa = PBXFileReference; lastKnownFileType = sourcecode.swift; path = "TimeZone+Extension.swift"; sourceTree = "<group>"; };
		DB220A8026884334009F8236 /* RepoUserJSONParserTests.swift */ = {isa = PBXFileReference; lastKnownFileType = sourcecode.swift; path = RepoUserJSONParserTests.swift; sourceTree = "<group>"; };
		DB220A832688548E009F8236 /* GetReposWebAPIDataJSONParserTests.swift */ = {isa = PBXFileReference; lastKnownFileType = sourcecode.swift; path = GetReposWebAPIDataJSONParserTests.swift; sourceTree = "<group>"; };
		DB220A8726885A22009F8236 /* RepoUserDetailsVC.swift */ = {isa = PBXFileReference; lastKnownFileType = sourcecode.swift; path = RepoUserDetailsVC.swift; sourceTree = "<group>"; };
		DB220A8926885A36009F8236 /* RepoUserDetailsView.swift */ = {isa = PBXFileReference; lastKnownFileType = sourcecode.swift; path = RepoUserDetailsView.swift; sourceTree = "<group>"; };
		DB220A8B26885A56009F8236 /* RepoUserDetailsCoordinator.swift */ = {isa = PBXFileReference; lastKnownFileType = sourcecode.swift; path = RepoUserDetailsCoordinator.swift; sourceTree = "<group>"; };
		DB220A8D26885C4E009F8236 /* UIViewController+Navigation.swift */ = {isa = PBXFileReference; lastKnownFileType = sourcecode.swift; path = "UIViewController+Navigation.swift"; sourceTree = "<group>"; };
		DB220A8F26886674009F8236 /* AssetsFactory.swift */ = {isa = PBXFileReference; lastKnownFileType = sourcecode.swift; path = AssetsFactory.swift; sourceTree = "<group>"; };
		DB220A922688687D009F8236 /* RepoUserWebsiteVC.swift */ = {isa = PBXFileReference; lastKnownFileType = sourcecode.swift; path = RepoUserWebsiteVC.swift; sourceTree = "<group>"; };
		DB220A9426886890009F8236 /* RepoUserWebsiteView.swift */ = {isa = PBXFileReference; lastKnownFileType = sourcecode.swift; path = RepoUserWebsiteView.swift; sourceTree = "<group>"; };
		DB220A96268868C1009F8236 /* RepoUserWebsiteCoordinator.swift */ = {isa = PBXFileReference; lastKnownFileType = sourcecode.swift; path = RepoUserWebsiteCoordinator.swift; sourceTree = "<group>"; };
		DB220A98268870F1009F8236 /* OverScreenLoaderDisplayable.swift */ = {isa = PBXFileReference; lastKnownFileType = sourcecode.swift; path = OverScreenLoaderDisplayable.swift; sourceTree = "<group>"; };
		DBA735342686F62F00630516 /* BitbucketViewer.app */ = {isa = PBXFileReference; explicitFileType = wrapper.application; includeInIndex = 0; path = BitbucketViewer.app; sourceTree = BUILT_PRODUCTS_DIR; };
		DBA735402686F63100630516 /* Assets.xcassets */ = {isa = PBXFileReference; lastKnownFileType = folder.assetcatalog; path = Assets.xcassets; sourceTree = "<group>"; };
		DBA735432686F63100630516 /* Base */ = {isa = PBXFileReference; lastKnownFileType = file.storyboard; name = Base; path = Base.lproj/LaunchScreen.storyboard; sourceTree = "<group>"; };
		DBA735452686F63100630516 /* Info.plist */ = {isa = PBXFileReference; lastKnownFileType = text.plist.xml; path = Info.plist; sourceTree = "<group>"; };
		DBA735512686F73B00630516 /* main.swift */ = {isa = PBXFileReference; lastKnownFileType = sourcecode.swift; path = main.swift; sourceTree = "<group>"; };
		DBA735532686F74400630516 /* Application.swift */ = {isa = PBXFileReference; lastKnownFileType = sourcecode.swift; path = Application.swift; sourceTree = "<group>"; };
		DBA7355D2686F85D00630516 /* InitView.swift */ = {isa = PBXFileReference; lastKnownFileType = sourcecode.swift; path = InitView.swift; sourceTree = "<group>"; };
		DBA7355F2686F8AF00630516 /* ScreenNavigationBarView.swift */ = {isa = PBXFileReference; fileEncoding = 4; lastKnownFileType = sourcecode.swift; path = ScreenNavigationBarView.swift; sourceTree = "<group>"; };
		DBA735602686F8AF00630516 /* TitledNavigationBarView.swift */ = {isa = PBXFileReference; fileEncoding = 4; lastKnownFileType = sourcecode.swift; path = TitledNavigationBarView.swift; sourceTree = "<group>"; };
		DBA735612686F8AF00630516 /* LeftNavigationButtonView.swift */ = {isa = PBXFileReference; fileEncoding = 4; lastKnownFileType = sourcecode.swift; path = LeftNavigationButtonView.swift; sourceTree = "<group>"; };
		DBA7356D2686F9D500630516 /* UIButton+Extension.swift */ = {isa = PBXFileReference; lastKnownFileType = sourcecode.swift; path = "UIButton+Extension.swift"; sourceTree = "<group>"; };
		DBA7356F2686FA2600630516 /* UIView+Extension.swift */ = {isa = PBXFileReference; lastKnownFileType = sourcecode.swift; path = "UIView+Extension.swift"; sourceTree = "<group>"; };
		EC06593317A917397B5EE966 /* Pods-BitbucketViewer.release.xcconfig */ = {isa = PBXFileReference; includeInIndex = 1; lastKnownFileType = text.xcconfig; name = "Pods-BitbucketViewer.release.xcconfig"; path = "Target Support Files/Pods-BitbucketViewer/Pods-BitbucketViewer.release.xcconfig"; sourceTree = "<group>"; };
/* End PBXFileReference section */

/* Begin PBXFrameworksBuildPhase section */
		DB220A65268830ED009F8236 /* Frameworks */ = {
			isa = PBXFrameworksBuildPhase;
			buildActionMask = 2147483647;
			files = (
			);
			runOnlyForDeploymentPostprocessing = 0;
		};
		DBA735312686F62F00630516 /* Frameworks */ = {
			isa = PBXFrameworksBuildPhase;
			buildActionMask = 2147483647;
			files = (
				C44FF9318FF17F2D0D9C26B4 /* Pods_BitbucketViewer.framework in Frameworks */,
			);
			runOnlyForDeploymentPostprocessing = 0;
		};
/* End PBXFrameworksBuildPhase section */

/* Begin PBXGroup section */
		57D520620F3117D337680933 /* Frameworks */ = {
			isa = PBXGroup;
			children = (
				56548E21577461FDCB8289CD /* Pods_BitbucketViewer.framework */,
			);
			name = Frameworks;
			sourceTree = "<group>";
		};
		BAEA530783051F8144132683 /* Pods */ = {
			isa = PBXGroup;
			children = (
				B98F5F3F6901C2BA20BFBA97 /* Pods-BitbucketViewer.debug.xcconfig */,
				EC06593317A917397B5EE966 /* Pods-BitbucketViewer.release.xcconfig */,
			);
			path = Pods;
			sourceTree = "<group>";
		};
		DB22096C26870954009F8236 /* Helpers */ = {
			isa = PBXGroup;
			children = (
				DB22096E26870972009F8236 /* URLSessionWebAPIWorker.swift */,
				DB22097026870988009F8236 /* URLRequestComposer.swift */,
				DB22099326870A8D009F8236 /* WebAPIWorkersFactory.swift */,
			);
			path = Helpers;
			sourceTree = "<group>";
		};
		DB22096D26870959009F8236 /* WebAPIWorkers */ = {
			isa = PBXGroup;
			children = (
				DB220A1E26882674009F8236 /* GetRepos */,
			);
			path = WebAPIWorkers;
			sourceTree = "<group>";
		};
		DB220972268709D4009F8236 /* Common */ = {
			isa = PBXGroup;
			children = (
				DB22099026870A61009F8236 /* JSON */,
				DB22097326870A06009F8236 /* Results */,
				DB22097526870A1A009F8236 /* Errors */,
			);
			path = Common;
			sourceTree = "<group>";
		};
		DB22097326870A06009F8236 /* Results */ = {
			isa = PBXGroup;
			children = (
				DB220A0526875D36009F8236 /* ServiceResult */,
				DB22097426870A0C009F8236 /* WebAPIResult */,
			);
			path = Results;
			sourceTree = "<group>";
		};
		DB22097426870A0C009F8236 /* WebAPIResult */ = {
			isa = PBXGroup;
			children = (
				DB220A0326875D2D009F8236 /* WebAPIResult.swift */,
			);
			path = WebAPIResult;
			sourceTree = "<group>";
		};
		DB22097526870A1A009F8236 /* Errors */ = {
			isa = PBXGroup;
			children = (
				DB22097726870A51009F8236 /* ServiceError */,
				DB22097A26870A51009F8236 /* WebAPIFailure */,
			);
			path = Errors;
			sourceTree = "<group>";
		};
		DB22097726870A51009F8236 /* ServiceError */ = {
			isa = PBXGroup;
			children = (
				DB22097826870A51009F8236 /* ServiceError.swift */,
				DB22097926870A51009F8236 /* ServiceErrorConvertor.swift */,
			);
			path = ServiceError;
			sourceTree = "<group>";
		};
		DB22097A26870A51009F8236 /* WebAPIFailure */ = {
			isa = PBXGroup;
			children = (
				DB22097B26870A51009F8236 /* WebAPIFailure */,
				DB22097E26870A51009F8236 /* WebAPIRequestError */,
				DB22098126870A51009F8236 /* WebAPIResponseError */,
			);
			path = WebAPIFailure;
			sourceTree = "<group>";
		};
		DB22097B26870A51009F8236 /* WebAPIFailure */ = {
			isa = PBXGroup;
			children = (
				DB22097C26870A51009F8236 /* WebAPIFailure.swift */,
				DB22097D26870A51009F8236 /* WebAPIFailureConvertor.swift */,
			);
			path = WebAPIFailure;
			sourceTree = "<group>";
		};
		DB22097E26870A51009F8236 /* WebAPIRequestError */ = {
			isa = PBXGroup;
			children = (
				DB22097F26870A51009F8236 /* WebAPIRequestError.swift */,
				DB22098026870A51009F8236 /* WebAPIRequestErrorFactory.swift */,
			);
			path = WebAPIRequestError;
			sourceTree = "<group>";
		};
		DB22098126870A51009F8236 /* WebAPIResponseError */ = {
			isa = PBXGroup;
			children = (
				DB22098226870A51009F8236 /* WebAPIResponseError.swift */,
				DB22098326870A51009F8236 /* WebAPIResponseErrorFactory.swift */,
				DB22098426870A51009F8236 /* WebAPIResponseErrorJSONConvertor.swift */,
				DB22098526870A51009F8236 /* WebAPIResponseErrorCode.swift */,
			);
			path = WebAPIResponseError;
			sourceTree = "<group>";
		};
		DB22099026870A61009F8236 /* JSON */ = {
			isa = PBXGroup;
			children = (
				DB22099126870A6A009F8236 /* JSON.swift */,
			);
			path = JSON;
			sourceTree = "<group>";
		};
		DB22099526870C30009F8236 /* ReposList */ = {
			isa = PBXGroup;
			children = (
				DB220A0D268767BF009F8236 /* Screen */,
				DB220A0E268767C3009F8236 /* Helpers */,
			);
			path = ReposList;
			sourceTree = "<group>";
		};
		DB22099C26870D5E009F8236 /* Models */ = {
			isa = PBXGroup;
			children = (
				DB2209A126870D8D009F8236 /* Alert */,
				DB22099E26870D8D009F8236 /* Appearance */,
				DB2209A526870D8D009F8236 /* StatusBarStyle */,
			);
			path = Models;
			sourceTree = "<group>";
		};
		DB22099E26870D8D009F8236 /* Appearance */ = {
			isa = PBXGroup;
			children = (
				DB22099F26870D8D009F8236 /* AppearancesFactory.swift */,
				DB2209A026870D8D009F8236 /* Appearance.swift */,
			);
			path = Appearance;
			sourceTree = "<group>";
		};
		DB2209A126870D8D009F8236 /* Alert */ = {
			isa = PBXGroup;
			children = (
				DB2209A226870D8D009F8236 /* AlertViewModel */,
			);
			path = Alert;
			sourceTree = "<group>";
		};
		DB2209A226870D8D009F8236 /* AlertViewModel */ = {
			isa = PBXGroup;
			children = (
				DB2209A326870D8D009F8236 /* AlertAction.swift */,
				DB2209A426870D8D009F8236 /* AlertViewModel.swift */,
			);
			path = AlertViewModel;
			sourceTree = "<group>";
		};
		DB2209A526870D8D009F8236 /* StatusBarStyle */ = {
			isa = PBXGroup;
			children = (
				DB2209A626870D8D009F8236 /* StatusBarStyleConvertor.swift */,
				DB2209A726870D8D009F8236 /* StatusBarStyle.swift */,
			);
			path = StatusBarStyle;
			sourceTree = "<group>";
		};
		DB2209AE26870DB5009F8236 /* Protocols */ = {
			isa = PBXGroup;
			children = (
				DB2209AF26870DC3009F8236 /* AppearanceConfigurable.swift */,
				DB220A98268870F1009F8236 /* OverScreenLoaderDisplayable.swift */,
			);
			path = Protocols;
			sourceTree = "<group>";
		};
		DB2209B126870DDE009F8236 /* Actions */ = {
			isa = PBXGroup;
			children = (
				DB2209B226870DEA009F8236 /* VoidAction.swift */,
			);
			path = Actions;
			sourceTree = "<group>";
		};
		DB2209B426870E14009F8236 /* Business */ = {
			isa = PBXGroup;
			children = (
				DB2209F42687223B009F8236 /* Repo */,
				DB2209F726872313009F8236 /* RepoUser */,
				DB2209B926870E3D009F8236 /* Language */,
				DB2209B526870E3D009F8236 /* Theme */,
			);
			path = Business;
			sourceTree = "<group>";
		};
		DB2209B526870E3D009F8236 /* Theme */ = {
			isa = PBXGroup;
			children = (
				DB2209B626870E3D009F8236 /* ThemeType.swift */,
				DB2209B726870E3D009F8236 /* Theme.swift */,
				DB2209B826870E3D009F8236 /* ThemesFactory.swift */,
			);
			path = Theme;
			sourceTree = "<group>";
		};
		DB2209B926870E3D009F8236 /* Language */ = {
			isa = PBXGroup;
			children = (
				DB2209BA26870E3D009F8236 /* Language.swift */,
				DB2209BB26870E3D009F8236 /* LanguageType.swift */,
				DB2209BC26870E3D009F8236 /* LanguagesFactory.swift */,
			);
			path = Language;
			sourceTree = "<group>";
		};
		DB2209C526870EB2009F8236 /* Application */ = {
			isa = PBXGroup;
			children = (
				DB2209DB268719EB009F8236 /* Start */,
				DB2209D82687103A009F8236 /* Localization */,
				DB2209D326870FD7009F8236 /* Languages */,
				DB2209C626870EBF009F8236 /* Themes */,
			);
			path = Application;
			sourceTree = "<group>";
		};
		DB2209C626870EBF009F8236 /* Themes */ = {
			isa = PBXGroup;
			children = (
				DB2209C726870EC4009F8236 /* Themes */,
				DB2209C826870EC8009F8236 /* Appearance */,
			);
			path = Themes;
			sourceTree = "<group>";
		};
		DB2209C726870EC4009F8236 /* Themes */ = {
			isa = PBXGroup;
			children = (
				DB2209CB26870F01009F8236 /* ThemesService.swift */,
				DB2209CD26870F17009F8236 /* CurrentThemeChangedNotifier.swift */,
			);
			path = Themes;
			sourceTree = "<group>";
		};
		DB2209C826870EC8009F8236 /* Appearance */ = {
			isa = PBXGroup;
			children = (
				DB2209C926870EE8009F8236 /* AppearanceService.swift */,
				DB2209CF26870F31009F8236 /* CurrentAppearanceChangedNotifier.swift */,
				DB2209D126870FC0009F8236 /* ProgressHUDAppearanceService.swift */,
			);
			path = Appearance;
			sourceTree = "<group>";
		};
		DB2209D326870FD7009F8236 /* Languages */ = {
			isa = PBXGroup;
			children = (
				DB2209D426870FE6009F8236 /* LanguagesService.swift */,
				DB2209D626870FF4009F8236 /* CurrentLanguageChangedNotifier.swift */,
			);
			path = Languages;
			sourceTree = "<group>";
		};
		DB2209D82687103A009F8236 /* Localization */ = {
			isa = PBXGroup;
			children = (
				DB2209D926871046009F8236 /* StringsLocalizeService.swift */,
			);
			path = Localization;
			sourceTree = "<group>";
		};
		DB2209DB268719EB009F8236 /* Start */ = {
			isa = PBXGroup;
			children = (
				DB2209DC268719F3009F8236 /* FirstScreenService.swift */,
			);
			path = Start;
			sourceTree = "<group>";
		};
		DB2209DE26871A13009F8236 /* Services */ = {
			isa = PBXGroup;
			children = (
				DB2209C526870EB2009F8236 /* Application */,
				DB220A1A26876DFA009F8236 /* Files */,
				DB220A0A26875F00009F8236 /* Repos */,
			);
			path = Services;
			sourceTree = "<group>";
		};
		DB2209DF26871A19009F8236 /* Helpers */ = {
			isa = PBXGroup;
			children = (
				DB2209E026871A24009F8236 /* ServicesFactory.swift */,
				DB2209E226871A7A009F8236 /* NotifiersFactory.swift */,
			);
			path = Helpers;
			sourceTree = "<group>";
		};
		DB2209E426871AB9009F8236 /* CacheLayer */ = {
			isa = PBXGroup;
			children = (
				DB2209E526871AC8009F8236 /* RAMStorage */,
			);
			path = CacheLayer;
			sourceTree = "<group>";
		};
		DB2209E526871AC8009F8236 /* RAMStorage */ = {
			isa = PBXGroup;
			children = (
				DB2209E626871AD7009F8236 /* ReferenceStorage.swift */,
			);
			path = RAMStorage;
			sourceTree = "<group>";
		};
		DB2209F42687223B009F8236 /* Repo */ = {
			isa = PBXGroup;
			children = (
				DB2209F52687224C009F8236 /* Repo.swift */,
				DB2209FC26872496009F8236 /* RepoJSONParser.swift */,
			);
			path = Repo;
			sourceTree = "<group>";
		};
		DB2209F726872313009F8236 /* RepoUser */ = {
			isa = PBXGroup;
			children = (
				DB2209F826872359009F8236 /* RepoUser.swift */,
				DB2209FA268723A9009F8236 /* RepoUserJSONParser.swift */,
			);
			path = RepoUser;
			sourceTree = "<group>";
		};
		DB2209FE26875958009F8236 /* Helpers */ = {
			isa = PBXGroup;
			children = (
				DB2209FF268759C2009F8236 /* ISO8601DateConvertor.swift */,
				DB220A7B268837DC009F8236 /* Date+Extension.swift */,
				DB220A7D26883C93009F8236 /* TimeZone+Extension.swift */,
			);
			path = Helpers;
			sourceTree = "<group>";
		};
		DB220A0526875D36009F8236 /* ServiceResult */ = {
			isa = PBXGroup;
			children = (
				DB220A0626875D41009F8236 /* ServiceResult.swift */,
				DB220A0826875D5D009F8236 /* ServiceResultConvertor.swift */,
			);
			path = ServiceResult;
			sourceTree = "<group>";
		};
		DB220A0A26875F00009F8236 /* Repos */ = {
			isa = PBXGroup;
			children = (
				DB220A0B26875F0C009F8236 /* GetReposService.swift */,
			);
			path = Repos;
			sourceTree = "<group>";
		};
		DB220A0D268767BF009F8236 /* Screen */ = {
			isa = PBXGroup;
			children = (
				DB22099626870C43009F8236 /* ReposListVC.swift */,
				DB2209EA26871C1C009F8236 /* ReposListView.swift */,
				DB2209E826871BC8009F8236 /* ReposListCoordinator.swift */,
			);
			path = Screen;
			sourceTree = "<group>";
		};
		DB220A0E268767C3009F8236 /* Helpers */ = {
			isa = PBXGroup;
			children = (
				DB220A0F26876828009F8236 /* RepoItem */,
			);
			path = Helpers;
			sourceTree = "<group>";
		};
		DB220A0F26876828009F8236 /* RepoItem */ = {
			isa = PBXGroup;
			children = (
				DB220A1026876834009F8236 /* RepoItemView.swift */,
				DB220A1226876BF3009F8236 /* RepoItemCellConfigurator.swift */,
			);
			path = RepoItem;
			sourceTree = "<group>";
		};
		DB220A1A26876DFA009F8236 /* Files */ = {
			isa = PBXGroup;
			children = (
				DB220A1B26876E0A009F8236 /* SetImage */,
			);
			path = Files;
			sourceTree = "<group>";
		};
		DB220A1B26876E0A009F8236 /* SetImage */ = {
			isa = PBXGroup;
			children = (
				DB220A1C26876E1C009F8236 /* SetImageFromURLService.swift */,
			);
			path = SetImage;
			sourceTree = "<group>";
		};
		DB220A1E26882674009F8236 /* GetRepos */ = {
			isa = PBXGroup;
			children = (
				DB220A0126875CD5009F8236 /* GetReposWebAPIWorker.swift */,
				DB220A1F2688268D009F8236 /* GetReposWebAPIData.swift */,
				DB220A21268826A8009F8236 /* GetReposWebAPIDataJSONParser.swift */,
				DB220A2326882E5D009F8236 /* GetReposWebAPIParamsComposer.swift */,
			);
			path = GetRepos;
			sourceTree = "<group>";
		};
		DB220A69268830ED009F8236 /* BitbucketViewerTests */ = {
			isa = PBXGroup;
			children = (
				DB220A7226883175009F8236 /* Application */,
				DB220A74268831B6009F8236 /* ModelLayer */,
				DB220A75268831BE009F8236 /* NetworkLayer */,
			);
			path = BitbucketViewerTests;
			sourceTree = "<group>";
		};
		DB220A7226883175009F8236 /* Application */ = {
			isa = PBXGroup;
			children = (
				DB220A7326883181009F8236 /* InfoPlist */,
			);
			path = Application;
			sourceTree = "<group>";
		};
		DB220A7326883181009F8236 /* InfoPlist */ = {
			isa = PBXGroup;
			children = (
				DB220A6C268830ED009F8236 /* Info.plist */,
			);
			path = InfoPlist;
			sourceTree = "<group>";
		};
		DB220A74268831B6009F8236 /* ModelLayer */ = {
			isa = PBXGroup;
			children = (
				DB220A7726883242009F8236 /* Business */,
			);
			path = ModelLayer;
			sourceTree = "<group>";
		};
		DB220A75268831BE009F8236 /* NetworkLayer */ = {
			isa = PBXGroup;
			children = (
				DB220A762688321E009F8236 /* WebAPIWorkers */,
			);
			path = NetworkLayer;
			sourceTree = "<group>";
		};
		DB220A762688321E009F8236 /* WebAPIWorkers */ = {
			isa = PBXGroup;
			children = (
				DB220A8226885478009F8236 /* GetRepos */,
			);
			path = WebAPIWorkers;
			sourceTree = "<group>";
		};
		DB220A7726883242009F8236 /* Business */ = {
			isa = PBXGroup;
			children = (
				DB220A7826883253009F8236 /* Repo */,
				DB220A7F2688431C009F8236 /* RepoUser */,
			);
			path = Business;
			sourceTree = "<group>";
		};
		DB220A7826883253009F8236 /* Repo */ = {
			isa = PBXGroup;
			children = (
				DB220A7926883266009F8236 /* RepoJSONParserTests.swift */,
			);
			path = Repo;
			sourceTree = "<group>";
		};
		DB220A7F2688431C009F8236 /* RepoUser */ = {
			isa = PBXGroup;
			children = (
				DB220A8026884334009F8236 /* RepoUserJSONParserTests.swift */,
			);
			path = RepoUser;
			sourceTree = "<group>";
		};
		DB220A8226885478009F8236 /* GetRepos */ = {
			isa = PBXGroup;
			children = (
				DB220A832688548E009F8236 /* GetReposWebAPIDataJSONParserTests.swift */,
			);
			path = GetRepos;
			sourceTree = "<group>";
		};
		DB220A85268859FE009F8236 /* RepoUserDetails */ = {
			isa = PBXGroup;
			children = (
				DB220A8726885A22009F8236 /* RepoUserDetailsVC.swift */,
				DB220A8926885A36009F8236 /* RepoUserDetailsView.swift */,
				DB220A8B26885A56009F8236 /* RepoUserDetailsCoordinator.swift */,
			);
			path = RepoUserDetails;
			sourceTree = "<group>";
		};
		DB220A9126886866009F8236 /* RepoUserWebsite */ = {
			isa = PBXGroup;
			children = (
				DB220A922688687D009F8236 /* RepoUserWebsiteVC.swift */,
				DB220A9426886890009F8236 /* RepoUserWebsiteView.swift */,
				DB220A96268868C1009F8236 /* RepoUserWebsiteCoordinator.swift */,
			);
			path = RepoUserWebsite;
			sourceTree = "<group>";
		};
		DBA7352B2686F62F00630516 = {
			isa = PBXGroup;
			children = (
				DBA735362686F62F00630516 /* BitbucketViewer */,
				DB220A69268830ED009F8236 /* BitbucketViewerTests */,
				DBA735352686F62F00630516 /* Products */,
				BAEA530783051F8144132683 /* Pods */,
				57D520620F3117D337680933 /* Frameworks */,
			);
			sourceTree = "<group>";
		};
		DBA735352686F62F00630516 /* Products */ = {
			isa = PBXGroup;
			children = (
				DBA735342686F62F00630516 /* BitbucketViewer.app */,
				DB220A68268830ED009F8236 /* BitbucketViewerTests.xctest */,
			);
			name = Products;
			sourceTree = "<group>";
		};
		DBA735362686F62F00630516 /* BitbucketViewer */ = {
			isa = PBXGroup;
			children = (
				DBA7354B2686F64900630516 /* ApplicationLayer */,
				DBA7354D2686F65A00630516 /* ModelLayer */,
				DBA7354F2686F68500630516 /* NetworkLayer */,
				DB2209E426871AB9009F8236 /* CacheLayer */,
				DBA7354C2686F65200630516 /* PresentationLayer */,
			);
			path = BitbucketViewer;
			sourceTree = "<group>";
		};
		DBA7354B2686F64900630516 /* ApplicationLayer */ = {
			isa = PBXGroup;
			children = (
				DBA735502686F73400630516 /* Application */,
				DBA735552686F79300630516 /* InfoPlist */,
				DBA735562686F7A500630516 /* Services */,
			);
			path = ApplicationLayer;
			sourceTree = "<group>";
		};
		DBA7354C2686F65200630516 /* PresentationLayer */ = {
			isa = PBXGroup;
			children = (
				DBA735572686F7C400630516 /* Screens */,
				DBA735582686F7CA00630516 /* Helpers */,
			);
			path = PresentationLayer;
			sourceTree = "<group>";
		};
		DBA7354D2686F65A00630516 /* ModelLayer */ = {
			isa = PBXGroup;
			children = (
				DB220972268709D4009F8236 /* Common */,
				DB2209B426870E14009F8236 /* Business */,
				DB2209FE26875958009F8236 /* Helpers */,
			);
			path = ModelLayer;
			sourceTree = "<group>";
		};
		DBA7354F2686F68500630516 /* NetworkLayer */ = {
			isa = PBXGroup;
			children = (
				DB22096D26870959009F8236 /* WebAPIWorkers */,
				DB22096C26870954009F8236 /* Helpers */,
			);
			path = NetworkLayer;
			sourceTree = "<group>";
		};
		DBA735502686F73400630516 /* Application */ = {
			isa = PBXGroup;
			children = (
				DBA735512686F73B00630516 /* main.swift */,
				DBA735532686F74400630516 /* Application.swift */,
			);
			path = Application;
			sourceTree = "<group>";
		};
		DBA735552686F79300630516 /* InfoPlist */ = {
			isa = PBXGroup;
			children = (
				DBA735452686F63100630516 /* Info.plist */,
			);
			path = InfoPlist;
			sourceTree = "<group>";
		};
		DBA735562686F7A500630516 /* Services */ = {
			isa = PBXGroup;
			children = (
				DB2209DE26871A13009F8236 /* Services */,
				DB2209DF26871A19009F8236 /* Helpers */,
			);
			path = Services;
			sourceTree = "<group>";
		};
		DBA735572686F7C400630516 /* Screens */ = {
			isa = PBXGroup;
			children = (
				DBA7355A2686F80E00630516 /* Launch */,
				DB22099526870C30009F8236 /* ReposList */,
				DB220A85268859FE009F8236 /* RepoUserDetails */,
				DB220A9126886866009F8236 /* RepoUserWebsite */,
			);
			path = Screens;
			sourceTree = "<group>";
		};
		DBA735582686F7CA00630516 /* Helpers */ = {
			isa = PBXGroup;
			children = (
				DBA735592686F7D800630516 /* Assets */,
				DB22099C26870D5E009F8236 /* Models */,
				DB2209AE26870DB5009F8236 /* Protocols */,
				DB2209B126870DDE009F8236 /* Actions */,
				DBA7356C2686F9BE00630516 /* Extensions */,
				DBA7355B2686F84800630516 /* Views */,
				DBA7355C2686F84E00630516 /* Controllers */,
			);
			path = Helpers;
			sourceTree = "<group>";
		};
		DBA735592686F7D800630516 /* Assets */ = {
			isa = PBXGroup;
			children = (
				DBA735402686F63100630516 /* Assets.xcassets */,
				DB220A8F26886674009F8236 /* AssetsFactory.swift */,
			);
			path = Assets;
			sourceTree = "<group>";
		};
		DBA7355A2686F80E00630516 /* Launch */ = {
			isa = PBXGroup;
			children = (
				DBA735422686F63100630516 /* LaunchScreen.storyboard */,
			);
			path = Launch;
			sourceTree = "<group>";
		};
		DBA7355B2686F84800630516 /* Views */ = {
			isa = PBXGroup;
			children = (
				DBA7355D2686F85D00630516 /* InitView.swift */,
				DBA735612686F8AF00630516 /* LeftNavigationButtonView.swift */,
				DBA7355F2686F8AF00630516 /* ScreenNavigationBarView.swift */,
				DBA735602686F8AF00630516 /* TitledNavigationBarView.swift */,
				DB220A1626876C36009F8236 /* ContainerTableCell.swift */,
			);
			path = Views;
			sourceTree = "<group>";
		};
		DBA7355C2686F84E00630516 /* Controllers */ = {
			isa = PBXGroup;
			children = (
				DB22099826870C6F009F8236 /* InitViewController.swift */,
				DB22099A26870C96009F8236 /* ScreenController.swift */,
				DB2209EC26871D81009F8236 /* SwipeNavigationController.swift */,
				DB2209F02687207F009F8236 /* TableViewController.swift */,
				DB2209F226872092009F8236 /* TableCellConfigurator.swift */,
				DB220A1426876C1A009F8236 /* ContainerTableCellConfigurator.swift */,
			);
			path = Controllers;
			sourceTree = "<group>";
		};
		DBA7356C2686F9BE00630516 /* Extensions */ = {
			isa = PBXGroup;
			children = (
				DBA7356D2686F9D500630516 /* UIButton+Extension.swift */,
				DBA7356F2686FA2600630516 /* UIView+Extension.swift */,
				DB2209C326870E67009F8236 /* UIColor+Extension.swift */,
				DB220A1826876C56009F8236 /* UITableView+Extension.swift */,
				DB220A8D26885C4E009F8236 /* UIViewController+Navigation.swift */,
			);
			path = Extensions;
			sourceTree = "<group>";
		};
/* End PBXGroup section */

/* Begin PBXNativeTarget section */
		DB220A67268830ED009F8236 /* BitbucketViewerTests */ = {
			isa = PBXNativeTarget;
			buildConfigurationList = DB220A6F268830ED009F8236 /* Build configuration list for PBXNativeTarget "BitbucketViewerTests" */;
			buildPhases = (
				DB220A64268830ED009F8236 /* Sources */,
				DB220A65268830ED009F8236 /* Frameworks */,
				DB220A66268830ED009F8236 /* Resources */,
			);
			buildRules = (
			);
			dependencies = (
				DB220A6E268830ED009F8236 /* PBXTargetDependency */,
			);
			name = BitbucketViewerTests;
			productName = BitbucketViewerTests;
			productReference = DB220A68268830ED009F8236 /* BitbucketViewerTests.xctest */;
			productType = "com.apple.product-type.bundle.unit-test";
		};
		DBA735332686F62F00630516 /* BitbucketViewer */ = {
			isa = PBXNativeTarget;
			buildConfigurationList = DBA735482686F63100630516 /* Build configuration list for PBXNativeTarget "BitbucketViewer" */;
			buildPhases = (
				03D4B1D4E69BAD0D4B16843D /* [CP] Check Pods Manifest.lock */,
				DBA735302686F62F00630516 /* Sources */,
				DBA735312686F62F00630516 /* Frameworks */,
				DBA735322686F62F00630516 /* Resources */,
				FA56F333CC30424A82FC2BBB /* [CP] Embed Pods Frameworks */,
			);
			buildRules = (
			);
			dependencies = (
			);
			name = BitbucketViewer;
			productName = BitbucketViewer;
			productReference = DBA735342686F62F00630516 /* BitbucketViewer.app */;
			productType = "com.apple.product-type.application";
		};
/* End PBXNativeTarget section */

/* Begin PBXProject section */
		DBA7352C2686F62F00630516 /* Project object */ = {
			isa = PBXProject;
			attributes = {
				LastSwiftUpdateCheck = 1250;
				LastUpgradeCheck = 1250;
				TargetAttributes = {
					DB220A67268830ED009F8236 = {
						CreatedOnToolsVersion = 12.5.1;
						TestTargetID = DBA735332686F62F00630516;
					};
					DBA735332686F62F00630516 = {
						CreatedOnToolsVersion = 12.5;
					};
				};
			};
			buildConfigurationList = DBA7352F2686F62F00630516 /* Build configuration list for PBXProject "BitbucketViewer" */;
			compatibilityVersion = "Xcode 9.3";
			developmentRegion = en;
			hasScannedForEncodings = 0;
			knownRegions = (
				en,
				Base,
			);
			mainGroup = DBA7352B2686F62F00630516;
			productRefGroup = DBA735352686F62F00630516 /* Products */;
			projectDirPath = "";
			projectRoot = "";
			targets = (
				DBA735332686F62F00630516 /* BitbucketViewer */,
				DB220A67268830ED009F8236 /* BitbucketViewerTests */,
			);
		};
/* End PBXProject section */

/* Begin PBXResourcesBuildPhase section */
		DB220A66268830ED009F8236 /* Resources */ = {
			isa = PBXResourcesBuildPhase;
			buildActionMask = 2147483647;
			files = (
			);
			runOnlyForDeploymentPostprocessing = 0;
		};
		DBA735322686F62F00630516 /* Resources */ = {
			isa = PBXResourcesBuildPhase;
			buildActionMask = 2147483647;
			files = (
				DBA735442686F63100630516 /* LaunchScreen.storyboard in Resources */,
				DBA735412686F63100630516 /* Assets.xcassets in Resources */,
			);
			runOnlyForDeploymentPostprocessing = 0;
		};
/* End PBXResourcesBuildPhase section */

/* Begin PBXShellScriptBuildPhase section */
		03D4B1D4E69BAD0D4B16843D /* [CP] Check Pods Manifest.lock */ = {
			isa = PBXShellScriptBuildPhase;
			buildActionMask = 2147483647;
			files = (
			);
			inputFileListPaths = (
			);
			inputPaths = (
				"${PODS_PODFILE_DIR_PATH}/Podfile.lock",
				"${PODS_ROOT}/Manifest.lock",
			);
			name = "[CP] Check Pods Manifest.lock";
			outputFileListPaths = (
			);
			outputPaths = (
				"$(DERIVED_FILE_DIR)/Pods-BitbucketViewer-checkManifestLockResult.txt",
			);
			runOnlyForDeploymentPostprocessing = 0;
			shellPath = /bin/sh;
			shellScript = "diff \"${PODS_PODFILE_DIR_PATH}/Podfile.lock\" \"${PODS_ROOT}/Manifest.lock\" > /dev/null\nif [ $? != 0 ] ; then\n    # print error to STDERR\n    echo \"error: The sandbox is not in sync with the Podfile.lock. Run 'pod install' or update your CocoaPods installation.\" >&2\n    exit 1\nfi\n# This output is used by Xcode 'outputs' to avoid re-running this script phase.\necho \"SUCCESS\" > \"${SCRIPT_OUTPUT_FILE_0}\"\n";
			showEnvVarsInLog = 0;
		};
		FA56F333CC30424A82FC2BBB /* [CP] Embed Pods Frameworks */ = {
			isa = PBXShellScriptBuildPhase;
			buildActionMask = 2147483647;
			files = (
			);
			inputFileListPaths = (
				"${PODS_ROOT}/Target Support Files/Pods-BitbucketViewer/Pods-BitbucketViewer-frameworks-${CONFIGURATION}-input-files.xcfilelist",
			);
			name = "[CP] Embed Pods Frameworks";
			outputFileListPaths = (
				"${PODS_ROOT}/Target Support Files/Pods-BitbucketViewer/Pods-BitbucketViewer-frameworks-${CONFIGURATION}-output-files.xcfilelist",
			);
			runOnlyForDeploymentPostprocessing = 0;
			shellPath = /bin/sh;
			shellScript = "\"${PODS_ROOT}/Target Support Files/Pods-BitbucketViewer/Pods-BitbucketViewer-frameworks.sh\"\n";
			showEnvVarsInLog = 0;
		};
/* End PBXShellScriptBuildPhase section */

/* Begin PBXSourcesBuildPhase section */
		DB220A64268830ED009F8236 /* Sources */ = {
			isa = PBXSourcesBuildPhase;
			buildActionMask = 2147483647;
			files = (
				DB220A842688548E009F8236 /* GetReposWebAPIDataJSONParserTests.swift in Sources */,
				DB220A8126884334009F8236 /* RepoUserJSONParserTests.swift in Sources */,
				DB220A7A26883266009F8236 /* RepoJSONParserTests.swift in Sources */,
			);
			runOnlyForDeploymentPostprocessing = 0;
		};
		DBA735302686F62F00630516 /* Sources */ = {
			isa = PBXSourcesBuildPhase;
			buildActionMask = 2147483647;
			files = (
				DB220A9026886674009F8236 /* AssetsFactory.swift in Sources */,
				DB220A8C26885A56009F8236 /* RepoUserDetailsCoordinator.swift in Sources */,
				DB220A99268870F1009F8236 /* OverScreenLoaderDisplayable.swift in Sources */,
				DBA735622686F8AF00630516 /* ScreenNavigationBarView.swift in Sources */,
				DB2209C126870E3D009F8236 /* LanguageType.swift in Sources */,
				DB2209A926870D8D009F8236 /* Appearance.swift in Sources */,
				DB22098726870A51009F8236 /* ServiceErrorConvertor.swift in Sources */,
				DB2209A826870D8D009F8236 /* AppearancesFactory.swift in Sources */,
				DB22099B26870C96009F8236 /* ScreenController.swift in Sources */,
				DB22096F26870972009F8236 /* URLSessionWebAPIWorker.swift in Sources */,
				DB2209F62687224C009F8236 /* Repo.swift in Sources */,
				DB2209AA26870D8D009F8236 /* AlertAction.swift in Sources */,
				DB220A0926875D5D009F8236 /* ServiceResultConvertor.swift in Sources */,
				DBA735642686F8AF00630516 /* LeftNavigationButtonView.swift in Sources */,
				DB22098D26870A51009F8236 /* WebAPIResponseErrorFactory.swift in Sources */,
				DB2209E326871A7B009F8236 /* NotifiersFactory.swift in Sources */,
				DB220A932688687D009F8236 /* RepoUserWebsiteVC.swift in Sources */,
				DB22097126870988009F8236 /* URLRequestComposer.swift in Sources */,
				DB22098C26870A51009F8236 /* WebAPIResponseError.swift in Sources */,
				DB2209AD26870D8D009F8236 /* StatusBarStyle.swift in Sources */,
				DB220A22268826A8009F8236 /* GetReposWebAPIDataJSONParser.swift in Sources */,
				DB220A0726875D41009F8236 /* ServiceResult.swift in Sources */,
				DB220A0226875CD5009F8236 /* GetReposWebAPIWorker.swift in Sources */,
				DB220A1D26876E1C009F8236 /* SetImageFromURLService.swift in Sources */,
				DBA735542686F74400630516 /* Application.swift in Sources */,
				DBA735632686F8AF00630516 /* TitledNavigationBarView.swift in Sources */,
				DB220A2426882E5D009F8236 /* GetReposWebAPIParamsComposer.swift in Sources */,
				DB22098A26870A51009F8236 /* WebAPIRequestError.swift in Sources */,
				DB2209CA26870EE8009F8236 /* AppearanceService.swift in Sources */,
				DB22098B26870A51009F8236 /* WebAPIRequestErrorFactory.swift in Sources */,
				DBA7356E2686F9D500630516 /* UIButton+Extension.swift in Sources */,
				DB2209BD26870E3D009F8236 /* ThemeType.swift in Sources */,
				DB2209AC26870D8D009F8236 /* StatusBarStyleConvertor.swift in Sources */,
				DB2209DA26871046009F8236 /* StringsLocalizeService.swift in Sources */,
				DB2209D526870FE6009F8236 /* LanguagesService.swift in Sources */,
				DB2209E926871BC8009F8236 /* ReposListCoordinator.swift in Sources */,
				DB22099226870A6A009F8236 /* JSON.swift in Sources */,
				DB22098926870A51009F8236 /* WebAPIFailureConvertor.swift in Sources */,
				DB2209F926872359009F8236 /* RepoUser.swift in Sources */,
				DB220A9526886890009F8236 /* RepoUserWebsiteView.swift in Sources */,
				DB22098626870A51009F8236 /* ServiceError.swift in Sources */,
				DB2209E126871A24009F8236 /* ServicesFactory.swift in Sources */,
				DB22098E26870A51009F8236 /* WebAPIResponseErrorJSONConvertor.swift in Sources */,
				DB22099726870C43009F8236 /* ReposListVC.swift in Sources */,
				DB2209DD268719F3009F8236 /* FirstScreenService.swift in Sources */,
				DB220A97268868C1009F8236 /* RepoUserWebsiteCoordinator.swift in Sources */,
				DB2209D726870FF4009F8236 /* CurrentLanguageChangedNotifier.swift in Sources */,
				DB220A8826885A22009F8236 /* RepoUserDetailsVC.swift in Sources */,
				DB220A0426875D2D009F8236 /* WebAPIResult.swift in Sources */,
				DB2209BF26870E3D009F8236 /* ThemesFactory.swift in Sources */,
				DB2209CE26870F17009F8236 /* CurrentThemeChangedNotifier.swift in Sources */,
				DB220A1126876834009F8236 /* RepoItemView.swift in Sources */,
				DB2209C026870E3D009F8236 /* Language.swift in Sources */,
				DB22099926870C6F009F8236 /* InitViewController.swift in Sources */,
				DB220A1326876BF3009F8236 /* RepoItemCellConfigurator.swift in Sources */,
				DB220A00268759C2009F8236 /* ISO8601DateConvertor.swift in Sources */,
				DB2209B026870DC3009F8236 /* AppearanceConfigurable.swift in Sources */,
				DB220A1926876C56009F8236 /* UITableView+Extension.swift in Sources */,
				DB220A0C26875F0C009F8236 /* GetReposService.swift in Sources */,
				DB2209AB26870D8D009F8236 /* AlertViewModel.swift in Sources */,
				DB2209BE26870E3D009F8236 /* Theme.swift in Sources */,
				DB2209FD26872496009F8236 /* RepoJSONParser.swift in Sources */,
				DB22098826870A51009F8236 /* WebAPIFailure.swift in Sources */,
				DB220A8E26885C4E009F8236 /* UIViewController+Navigation.swift in Sources */,
				DB220A7E26883C93009F8236 /* TimeZone+Extension.swift in Sources */,
				DB220A8A26885A36009F8236 /* RepoUserDetailsView.swift in Sources */,
				DB2209FB268723A9009F8236 /* RepoUserJSONParser.swift in Sources */,
				DB220A1526876C1A009F8236 /* ContainerTableCellConfigurator.swift in Sources */,
				DB2209D026870F31009F8236 /* CurrentAppearanceChangedNotifier.swift in Sources */,
				DB220A202688268D009F8236 /* GetReposWebAPIData.swift in Sources */,
				DB22099426870A8D009F8236 /* WebAPIWorkersFactory.swift in Sources */,
				DB220A1726876C36009F8236 /* ContainerTableCell.swift in Sources */,
				DB2209F12687207F009F8236 /* TableViewController.swift in Sources */,
				DB2209B326870DEA009F8236 /* VoidAction.swift in Sources */,
				DB2209EB26871C1C009F8236 /* ReposListView.swift in Sources */,
				DB2209F326872092009F8236 /* TableCellConfigurator.swift in Sources */,
				DBA7355E2686F85D00630516 /* InitView.swift in Sources */,
				DB220A7C268837DC009F8236 /* Date+Extension.swift in Sources */,
				DBA735522686F73B00630516 /* main.swift in Sources */,
				DB2209E726871AD7009F8236 /* ReferenceStorage.swift in Sources */,
				DB2209ED26871D81009F8236 /* SwipeNavigationController.swift in Sources */,
				DB2209C226870E3D009F8236 /* LanguagesFactory.swift in Sources */,
				DBA735702686FA2600630516 /* UIView+Extension.swift in Sources */,
				DB22098F26870A51009F8236 /* WebAPIResponseErrorCode.swift in Sources */,
				DB2209D226870FC0009F8236 /* ProgressHUDAppearanceService.swift in Sources */,
				DB2209C426870E67009F8236 /* UIColor+Extension.swift in Sources */,
				DB2209CC26870F01009F8236 /* ThemesService.swift in Sources */,
			);
			runOnlyForDeploymentPostprocessing = 0;
		};
/* End PBXSourcesBuildPhase section */

/* Begin PBXTargetDependency section */
		DB220A6E268830ED009F8236 /* PBXTargetDependency */ = {
			isa = PBXTargetDependency;
			target = DBA735332686F62F00630516 /* BitbucketViewer */;
			targetProxy = DB220A6D268830ED009F8236 /* PBXContainerItemProxy */;
		};
/* End PBXTargetDependency section */

/* Begin PBXVariantGroup section */
		DBA735422686F63100630516 /* LaunchScreen.storyboard */ = {
			isa = PBXVariantGroup;
			children = (
				DBA735432686F63100630516 /* Base */,
			);
			name = LaunchScreen.storyboard;
			sourceTree = "<group>";
		};
/* End PBXVariantGroup section */

/* Begin XCBuildConfiguration section */
		DB220A70268830ED009F8236 /* Debug */ = {
			isa = XCBuildConfiguration;
			buildSettings = {
				BUNDLE_LOADER = "$(TEST_HOST)";
				CODE_SIGN_STYLE = Automatic;
				DEVELOPMENT_TEAM = 9HC298K985;
				INFOPLIST_FILE = BitbucketViewerTests/Application/InfoPlist/Info.plist;
				LD_RUNPATH_SEARCH_PATHS = (
					"$(inherited)",
					"@executable_path/Frameworks",
					"@loader_path/Frameworks",
				);
				PRODUCT_BUNDLE_IDENTIFIER = OO.BitbucketViewerTests;
				PRODUCT_NAME = "$(TARGET_NAME)";
				SWIFT_VERSION = 5.0;
				TARGETED_DEVICE_FAMILY = "1,2";
				TEST_HOST = "$(BUILT_PRODUCTS_DIR)/BitbucketViewer.app/BitbucketViewer";
			};
			name = Debug;
		};
		DB220A71268830ED009F8236 /* Release */ = {
			isa = XCBuildConfiguration;
			buildSettings = {
				BUNDLE_LOADER = "$(TEST_HOST)";
				CODE_SIGN_STYLE = Automatic;
				DEVELOPMENT_TEAM = 9HC298K985;
				INFOPLIST_FILE = BitbucketViewerTests/Application/InfoPlist/Info.plist;
				LD_RUNPATH_SEARCH_PATHS = (
					"$(inherited)",
					"@executable_path/Frameworks",
					"@loader_path/Frameworks",
				);
				PRODUCT_BUNDLE_IDENTIFIER = OO.BitbucketViewerTests;
				PRODUCT_NAME = "$(TARGET_NAME)";
				SWIFT_VERSION = 5.0;
				TARGETED_DEVICE_FAMILY = "1,2";
				TEST_HOST = "$(BUILT_PRODUCTS_DIR)/BitbucketViewer.app/BitbucketViewer";
			};
			name = Release;
		};
		DBA735462686F63100630516 /* Debug */ = {
			isa = XCBuildConfiguration;
			buildSettings = {
				ALWAYS_SEARCH_USER_PATHS = NO;
				CLANG_ANALYZER_NONNULL = YES;
				CLANG_ANALYZER_NUMBER_OBJECT_CONVERSION = YES_AGGRESSIVE;
				CLANG_CXX_LANGUAGE_STANDARD = "gnu++14";
				CLANG_CXX_LIBRARY = "libc++";
				CLANG_ENABLE_MODULES = YES;
				CLANG_ENABLE_OBJC_ARC = YES;
				CLANG_ENABLE_OBJC_WEAK = YES;
				CLANG_WARN_BLOCK_CAPTURE_AUTORELEASING = YES;
				CLANG_WARN_BOOL_CONVERSION = YES;
				CLANG_WARN_COMMA = YES;
				CLANG_WARN_CONSTANT_CONVERSION = YES;
				CLANG_WARN_DEPRECATED_OBJC_IMPLEMENTATIONS = YES;
				CLANG_WARN_DIRECT_OBJC_ISA_USAGE = YES_ERROR;
				CLANG_WARN_DOCUMENTATION_COMMENTS = YES;
				CLANG_WARN_EMPTY_BODY = YES;
				CLANG_WARN_ENUM_CONVERSION = YES;
				CLANG_WARN_INFINITE_RECURSION = YES;
				CLANG_WARN_INT_CONVERSION = YES;
				CLANG_WARN_NON_LITERAL_NULL_CONVERSION = YES;
				CLANG_WARN_OBJC_IMPLICIT_RETAIN_SELF = YES;
				CLANG_WARN_OBJC_LITERAL_CONVERSION = YES;
				CLANG_WARN_OBJC_ROOT_CLASS = YES_ERROR;
				CLANG_WARN_QUOTED_INCLUDE_IN_FRAMEWORK_HEADER = YES;
				CLANG_WARN_RANGE_LOOP_ANALYSIS = YES;
				CLANG_WARN_STRICT_PROTOTYPES = YES;
				CLANG_WARN_SUSPICIOUS_MOVE = YES;
				CLANG_WARN_UNGUARDED_AVAILABILITY = YES_AGGRESSIVE;
				CLANG_WARN_UNREACHABLE_CODE = YES;
				CLANG_WARN__DUPLICATE_METHOD_MATCH = YES;
				COPY_PHASE_STRIP = NO;
				DEBUG_INFORMATION_FORMAT = dwarf;
				ENABLE_STRICT_OBJC_MSGSEND = YES;
				ENABLE_TESTABILITY = YES;
				GCC_C_LANGUAGE_STANDARD = gnu11;
				GCC_DYNAMIC_NO_PIC = NO;
				GCC_NO_COMMON_BLOCKS = YES;
				GCC_OPTIMIZATION_LEVEL = 0;
				GCC_PREPROCESSOR_DEFINITIONS = (
					"DEBUG=1",
					"$(inherited)",
				);
				GCC_WARN_64_TO_32_BIT_CONVERSION = YES;
				GCC_WARN_ABOUT_RETURN_TYPE = YES_ERROR;
				GCC_WARN_UNDECLARED_SELECTOR = YES;
				GCC_WARN_UNINITIALIZED_AUTOS = YES_AGGRESSIVE;
				GCC_WARN_UNUSED_FUNCTION = YES;
				GCC_WARN_UNUSED_VARIABLE = YES;
				IPHONEOS_DEPLOYMENT_TARGET = 14.5;
				MTL_ENABLE_DEBUG_INFO = INCLUDE_SOURCE;
				MTL_FAST_MATH = YES;
				ONLY_ACTIVE_ARCH = YES;
				SDKROOT = iphoneos;
				SWIFT_ACTIVE_COMPILATION_CONDITIONS = DEBUG;
				SWIFT_OPTIMIZATION_LEVEL = "-Onone";
			};
			name = Debug;
		};
		DBA735472686F63100630516 /* Release */ = {
			isa = XCBuildConfiguration;
			buildSettings = {
				ALWAYS_SEARCH_USER_PATHS = NO;
				CLANG_ANALYZER_NONNULL = YES;
				CLANG_ANALYZER_NUMBER_OBJECT_CONVERSION = YES_AGGRESSIVE;
				CLANG_CXX_LANGUAGE_STANDARD = "gnu++14";
				CLANG_CXX_LIBRARY = "libc++";
				CLANG_ENABLE_MODULES = YES;
				CLANG_ENABLE_OBJC_ARC = YES;
				CLANG_ENABLE_OBJC_WEAK = YES;
				CLANG_WARN_BLOCK_CAPTURE_AUTORELEASING = YES;
				CLANG_WARN_BOOL_CONVERSION = YES;
				CLANG_WARN_COMMA = YES;
				CLANG_WARN_CONSTANT_CONVERSION = YES;
				CLANG_WARN_DEPRECATED_OBJC_IMPLEMENTATIONS = YES;
				CLANG_WARN_DIRECT_OBJC_ISA_USAGE = YES_ERROR;
				CLANG_WARN_DOCUMENTATION_COMMENTS = YES;
				CLANG_WARN_EMPTY_BODY = YES;
				CLANG_WARN_ENUM_CONVERSION = YES;
				CLANG_WARN_INFINITE_RECURSION = YES;
				CLANG_WARN_INT_CONVERSION = YES;
				CLANG_WARN_NON_LITERAL_NULL_CONVERSION = YES;
				CLANG_WARN_OBJC_IMPLICIT_RETAIN_SELF = YES;
				CLANG_WARN_OBJC_LITERAL_CONVERSION = YES;
				CLANG_WARN_OBJC_ROOT_CLASS = YES_ERROR;
				CLANG_WARN_QUOTED_INCLUDE_IN_FRAMEWORK_HEADER = YES;
				CLANG_WARN_RANGE_LOOP_ANALYSIS = YES;
				CLANG_WARN_STRICT_PROTOTYPES = YES;
				CLANG_WARN_SUSPICIOUS_MOVE = YES;
				CLANG_WARN_UNGUARDED_AVAILABILITY = YES_AGGRESSIVE;
				CLANG_WARN_UNREACHABLE_CODE = YES;
				CLANG_WARN__DUPLICATE_METHOD_MATCH = YES;
				COPY_PHASE_STRIP = NO;
				DEBUG_INFORMATION_FORMAT = "dwarf-with-dsym";
				ENABLE_NS_ASSERTIONS = NO;
				ENABLE_STRICT_OBJC_MSGSEND = YES;
				GCC_C_LANGUAGE_STANDARD = gnu11;
				GCC_NO_COMMON_BLOCKS = YES;
				GCC_WARN_64_TO_32_BIT_CONVERSION = YES;
				GCC_WARN_ABOUT_RETURN_TYPE = YES_ERROR;
				GCC_WARN_UNDECLARED_SELECTOR = YES;
				GCC_WARN_UNINITIALIZED_AUTOS = YES_AGGRESSIVE;
				GCC_WARN_UNUSED_FUNCTION = YES;
				GCC_WARN_UNUSED_VARIABLE = YES;
				IPHONEOS_DEPLOYMENT_TARGET = 14.5;
				MTL_ENABLE_DEBUG_INFO = NO;
				MTL_FAST_MATH = YES;
				SDKROOT = iphoneos;
				SWIFT_COMPILATION_MODE = wholemodule;
				SWIFT_OPTIMIZATION_LEVEL = "-O";
				VALIDATE_PRODUCT = YES;
			};
			name = Release;
		};
		DBA735492686F63100630516 /* Debug */ = {
			isa = XCBuildConfiguration;
			baseConfigurationReference = B98F5F3F6901C2BA20BFBA97 /* Pods-BitbucketViewer.debug.xcconfig */;
			buildSettings = {
				ASSETCATALOG_COMPILER_APPICON_NAME = AppIcon;
				ASSETCATALOG_COMPILER_GLOBAL_ACCENT_COLOR_NAME = AccentColor;
				CODE_SIGN_STYLE = Automatic;
				DEVELOPMENT_TEAM = 9HC298K985;
				INFOPLIST_FILE = BitbucketViewer/ApplicationLayer/InfoPlist/Info.plist;
				IPHONEOS_DEPLOYMENT_TARGET = 13.0;
				LD_RUNPATH_SEARCH_PATHS = (
					"$(inherited)",
					"@executable_path/Frameworks",
				);
				PRODUCT_BUNDLE_IDENTIFIER = OO.BitbucketViewer;
				PRODUCT_NAME = "$(TARGET_NAME)";
				SWIFT_VERSION = 5.0;
				TARGETED_DEVICE_FAMILY = 1;
			};
			name = Debug;
		};
		DBA7354A2686F63100630516 /* Release */ = {
			isa = XCBuildConfiguration;
			baseConfigurationReference = EC06593317A917397B5EE966 /* Pods-BitbucketViewer.release.xcconfig */;
			buildSettings = {
				ASSETCATALOG_COMPILER_APPICON_NAME = AppIcon;
				ASSETCATALOG_COMPILER_GLOBAL_ACCENT_COLOR_NAME = AccentColor;
				CODE_SIGN_STYLE = Automatic;
				DEVELOPMENT_TEAM = 9HC298K985;
				INFOPLIST_FILE = BitbucketViewer/ApplicationLayer/InfoPlist/Info.plist;
				IPHONEOS_DEPLOYMENT_TARGET = 13.0;
				LD_RUNPATH_SEARCH_PATHS = (
					"$(inherited)",
					"@executable_path/Frameworks",
				);
				PRODUCT_BUNDLE_IDENTIFIER = OO.BitbucketViewer;
				PRODUCT_NAME = "$(TARGET_NAME)";
				SWIFT_VERSION = 5.0;
				TARGETED_DEVICE_FAMILY = 1;
			};
			name = Release;
		};
/* End XCBuildConfiguration section */

/* Begin XCConfigurationList section */
		DB220A6F268830ED009F8236 /* Build configuration list for PBXNativeTarget "BitbucketViewerTests" */ = {
			isa = XCConfigurationList;
			buildConfigurations = (
				DB220A70268830ED009F8236 /* Debug */,
				DB220A71268830ED009F8236 /* Release */,
			);
			defaultConfigurationIsVisible = 0;
			defaultConfigurationName = Release;
		};
		DBA7352F2686F62F00630516 /* Build configuration list for PBXProject "BitbucketViewer" */ = {
			isa = XCConfigurationList;
			buildConfigurations = (
				DBA735462686F63100630516 /* Debug */,
				DBA735472686F63100630516 /* Release */,
			);
			defaultConfigurationIsVisible = 0;
			defaultConfigurationName = Release;
		};
		DBA735482686F63100630516 /* Build configuration list for PBXNativeTarget "BitbucketViewer" */ = {
			isa = XCConfigurationList;
			buildConfigurations = (
				DBA735492686F63100630516 /* Debug */,
				DBA7354A2686F63100630516 /* Release */,
			);
			defaultConfigurationIsVisible = 0;
			defaultConfigurationName = Release;
		};
/* End XCConfigurationList section */
	};
	rootObject = DBA7352C2686F62F00630516 /* Project object */;
}
